
Microsoft Visual Studio Solution File, Format Version 12.00
# Visual Studio Version 16
VisualStudioVersion = 16.0.31129.286
MinimumVisualStudioVersion = 10.0.40219.1
Project("{FAE04EC0-301F-11D3-BF4B-00C04F79EFBC}") = "PayrollManagement", "PayrollManagement.csproj", "{A27D830D-4A8B-4829-92BC-B488029A4497}"
EndProject
Global
	GlobalSection(SolutionConfigurationPlatforms) = preSolution
		Debug|Any CPU = Debug|Any CPU
		Release|Any CPU = Release|Any CPU
	EndGlobalSection
	GlobalSection(ProjectConfigurationPlatforms) = postSolution
		{A27D830D-4A8B-4829-92BC-B488029A4497}.Debug|Any CPU.ActiveCfg = Debug|Any CPU
		{A27D830D-4A8B-4829-92BC-B488029A4497}.Debug|Any CPU.Build.0 = Debug|Any CPU
		{A27D830D-4A8B-4829-92BC-B488029A4497}.Release|Any CPU.ActiveCfg = Release|Any CPU
		{A27D830D-4A8B-4829-92BC-B488029A4497}.Release|Any CPU.Build.0 = Release|Any CPU
	EndGlobalSection
	GlobalSection(SolutionProperties) = preSolution
		HideSolutionNode = FALSE
	EndGlobalSection
	GlobalSection(ExtensibilityGlobals) = postSolution
		SolutionGuid = {AEDB3F92-09E9-45B3-B7FB-A65C408A9A65}
	EndGlobalSection
EndGlobal
